
Microsoft Visual Studio Solution File, Format Version 12.00
# Visual Studio Version 17
VisualStudioVersion = 17.14.36915.13
MinimumVisualStudioVersion = 10.0.40219.1
Project("{FAE04EC0-301F-11D3-BF4B-00C04F79EFBC}") = "pousadaAsp", "pousadaAsp\pousadaAsp.csproj", "{A0F7E004-8F3F-497F-A0F5-7EB515C1BD76}"
EndProject
Global
	GlobalSection(SolutionConfigurationPlatforms) = preSolution
		Debug|Any CPU = Debug|Any CPU
		Release|Any CPU = Release|Any CPU
	EndGlobalSection
	GlobalSection(ProjectConfigurationPlatforms) = postSolution
		{A0F7E004-8F3F-497F-A0F5-7EB515C1BD76}.Debug|Any CPU.ActiveCfg = Debug|Any CPU
		{A0F7E004-8F3F-497F-A0F5-7EB515C1BD76}.Debug|Any CPU.Build.0 = Debug|Any CPU
		{A0F7E004-8F3F-497F-A0F5-7EB515C1BD76}.Release|Any CPU.ActiveCfg = Release|Any CPU
		{A0F7E004-8F3F-497F-A0F5-7EB515C1BD76}.Release|Any CPU.Build.0 = Release|Any CPU
	EndGlobalSection
	GlobalSection(SolutionProperties) = preSolution
		HideSolutionNode = FALSE
	EndGlobalSection
	GlobalSection(ExtensibilityGlobals) = postSolution
		SolutionGuid = {3FE1F3A0-5C81-4965-8CE6-D42E088F8C11}
	EndGlobalSection
EndGlobal
